
Microsoft Visual Studio Solution File, Format Version 12.00
# Visual Studio Version 16
VisualStudioVersion = 16.0.32901.82
MinimumVisualStudioVersion = 10.0.40219.1
Project("{FAE04EC0-301F-11D3-BF4B-00C04F79EFBC}") = "MatchGame", "MatchGame\MatchGame.csproj", "{55E91C89-A5D7-416D-8BB5-24B6B595ABC0}"
EndProject
Global
	GlobalSection(SolutionConfigurationPlatforms) = preSolution
		Debug|Any CPU = Debug|Any CPU
		Release|Any CPU = Release|Any CPU
	EndGlobalSection
	GlobalSection(ProjectConfigurationPlatforms) = postSolution
		{55E91C89-A5D7-416D-8BB5-24B6B595ABC0}.Debug|Any CPU.ActiveCfg = Debug|Any CPU
		{55E91C89-A5D7-416D-8BB5-24B6B595ABC0}.Debug|Any CPU.Build.0 = Debug|Any CPU
		{55E91C89-A5D7-416D-8BB5-24B6B595ABC0}.Release|Any CPU.ActiveCfg = Release|Any CPU
		{55E91C89-A5D7-416D-8BB5-24B6B595ABC0}.Release|Any CPU.Build.0 = Release|Any CPU
	EndGlobalSection
	GlobalSection(SolutionProperties) = preSolution
		HideSolutionNode = FALSE
	EndGlobalSection
	GlobalSection(ExtensibilityGlobals) = postSolution
		SolutionGuid = {DB38EB31-1E07-4C88-9CA6-E602388ECC13}
	EndGlobalSection
EndGlobal
